// !$*UTF8*$!
{
	archiveVersion = 1;
	classes = {
	};
	objectVersion = 77;
	objects = {

/* Begin PBXBuildFile section */
		038F5975DA97A3211EF4D448 /* ThinkingView.swift in Sources */ = {isa = PBXBuildFile; fileRef = 2D07C2CD05E172DB71F63033 /* ThinkingView.swift */; };
		08B4E2A065E192F17F2568B6 /* TemplateDetailView.swift in Sources */ = {isa = PBXBuildFile; fileRef = 6E792EE2E83B2068F8C5305F /* TemplateDetailView.swift */; };
		09D3F065191A83BDEE922789 /* SkillDetailView.swift in Sources */ = {isa = PBXBuildFile; fileRef = 168E103488DEA623E712852B /* SkillDetailView.swift */; };
		0DC3536F86CAA3C4680958AF /* ACPModel in Frameworks */ = {isa = PBXBuildFile; productRef = 86292938A0949F325E358FA5 /* ACPModel */; };
		1BBEBC85C24BBC4E08AA1821 /* ACPLogViewer.swift in Sources */ = {isa = PBXBuildFile; fileRef = 5F236C158C893B626A51E385 /* ACPLogViewer.swift */; };
		2263A0A3B358FBA099D0086D /* SettingsView.swift in Sources */ = {isa = PBXBuildFile; fileRef = A924245DDDA4C6A59BE15567 /* SettingsView.swift */; };
		25A4FB387DB5BD96DB630C14 /* AppState.swift in Sources */ = {isa = PBXBuildFile; fileRef = 231C267216AF1BCA8628B667 /* AppState.swift */; };
		309B12E0B72A22C9772BBC99 /* ChopsApp.swift in Sources */ = {isa = PBXBuildFile; fileRef = 2787064DC7DF112E70C4E4D0 /* ChopsApp.swift */; };
		322C22C23073C29FC0C6098D /* MarkdownMessageView.swift in Sources */ = {isa = PBXBuildFile; fileRef = 947EAED7376B7762A373EF08 /* MarkdownMessageView.swift */; };
		331F55021A7E6C9F0B666514 /* Sparkle in Frameworks */ = {isa = PBXBuildFile; productRef = 4338FC540625A275BBC9AAC9 /* Sparkle */; };
		3BF88469DCE0B56DD15DDB09 /* ACPClient.swift in Sources */ = {isa = PBXBuildFile; fileRef = 8DAD83C176F3A71A5B360BFD /* ACPClient.swift */; };
		3F0ED402E77D8D25C600BAED /* TemplateManager.swift in Sources */ = {isa = PBXBuildFile; fileRef = 12C5CD1627D4EFF58AEF4F71 /* TemplateManager.swift */; };
		480681BAD19F7CAF6AE154A2 /* RemoteServersSettingsView.swift in Sources */ = {isa = PBXBuildFile; fileRef = E684304D1723CA691F40335B /* RemoteServersSettingsView.swift */; };
		53C393C13E30EC439317509F /* ToolBadge.swift in Sources */ = {isa = PBXBuildFile; fileRef = A7B6AE242CAD6A285DD57079 /* ToolBadge.swift */; };
		590A98554CAF058BC006CC53 /* ACPAgentFactory.swift in Sources */ = {isa = PBXBuildFile; fileRef = 9BBC9E32924CF525F1C96BAE /* ACPAgentFactory.swift */; };
		5B81DED237A60776ADB04134 /* RemoteServer.swift in Sources */ = {isa = PBXBuildFile; fileRef = 3314080A44DEB895223E36D5 /* RemoteServer.swift */; };
		60A6711BAB0C3B8A3ACBF985 /* SkillParser.swift in Sources */ = {isa = PBXBuildFile; fileRef = 5155D141EF812A3FE9ADF59C /* SkillParser.swift */; };
		62C6C8687D8A1E3C1EBBBC8C /* ClaudeACPAgent.swift in Sources */ = {isa = PBXBuildFile; fileRef = 5E201054F47FC1E66D6E0BE2 /* ClaudeACPAgent.swift */; };
		6A8E0927D95BB14C9F377F4E /* SkillScanner.swift in Sources */ = {isa = PBXBuildFile; fileRef = E6A5B26D335C1AFB6CDE8207 /* SkillScanner.swift */; };
		6E02BA7498763274DD403CD0 /* DiffReviewPanel.swift in Sources */ = {isa = PBXBuildFile; fileRef = B955C8B935BD62ED4811FCA2 /* DiffReviewPanel.swift */; };
		71E92A838AB4D1D6DC6174AF /* NewSkillSheet.swift in Sources */ = {isa = PBXBuildFile; fileRef = F02A00F80E4712872205EA7B /* NewSkillSheet.swift */; };
		72F7688C0EDA2DAF80C6512B /* ACPLogger.swift in Sources */ = {isa = PBXBuildFile; fileRef = 511C5A2149EFF77BDA7D4692 /* ACPLogger.swift */; };
		74045816B0CF10369DB51ADD /* ComposePanel.swift in Sources */ = {isa = PBXBuildFile; fileRef = 937F83BF3496CB231C535608 /* ComposePanel.swift */; };
		791AA125E9170DBA81BCBE62 /* Highlightr in Frameworks */ = {isa = PBXBuildFile; productRef = 704A14702546BFBD29BE27A8 /* Highlightr */; };
		7A17C99C5EFAE3AA9E788D50 /* Collection.swift in Sources */ = {isa = PBXBuildFile; fileRef = C9AFE1AF02B0F8057791C2A9 /* Collection.swift */; };
		7EC6156934D559226BC78859 /* CollectionListView.swift in Sources */ = {isa = PBXBuildFile; fileRef = 4CA102A49ACFB23BC15794F8 /* CollectionListView.swift */; };
		7FD1DE6640F9339D5E97E09A /* MDCParser.swift in Sources */ = {isa = PBXBuildFile; fileRef = 3A4F680B33C74A38FCF5ADD5 /* MDCParser.swift */; };
		801A39D725B59A2F2BAF5DF2 /* cmark in Frameworks */ = {isa = PBXBuildFile; productRef = 9F4BE66CFE1E8401894FEF1F /* cmark */; };
		846B58F3B105D1734DC6FA75 /* SkillRegistry.swift in Sources */ = {isa = PBXBuildFile; fileRef = 9FC9D3E83D8640CC258CF361 /* SkillRegistry.swift */; };
		87A469B631CC80C89B14B1C7 /* SkillMetadataBar.swift in Sources */ = {isa = PBXBuildFile; fileRef = 8C812515FD8DC222B89745F2 /* SkillMetadataBar.swift */; };
		87AEE95EAD9793D3241D4387 /* ACP in Frameworks */ = {isa = PBXBuildFile; productRef = F642568B19B420E64E62307D /* ACP */; };
		91EA572FCA75A2EA848C3429 /* ChopsTextView.swift in Sources */ = {isa = PBXBuildFile; fileRef = 8A58EBE34E8A678FC897DFCB /* ChopsTextView.swift */; };
		95163AEB7980654C901EC693 /* Skill.swift in Sources */ = {isa = PBXBuildFile; fileRef = 27D6ED655F951177D2152351 /* Skill.swift */; };
		98434D3DDFEEC7239F6F7B79 /* RegistrySheet.swift in Sources */ = {isa = PBXBuildFile; fileRef = 7FCD6C2A8BE68F553A9CA392 /* RegistrySheet.swift */; };
		99EE8F6124FE91AC9576D6FD /* FileWatcher.swift in Sources */ = {isa = PBXBuildFile; fileRef = CAD26AA4787A2E0CDC86AADC /* FileWatcher.swift */; };
		A99BA179E0520DCDC98E1382 /* AppLogger.swift in Sources */ = {isa = PBXBuildFile; fileRef = F45D5C8E8C732B2F4A867E43 /* AppLogger.swift */; };
		AAC4A3CBF2A9B4DF50608948 /* SSHService.swift in Sources */ = {isa = PBXBuildFile; fileRef = 6797D4AC1970DB9ACB5ACA73 /* SSHService.swift */; };
		AFDC3DAB708B352A7606F119 /* DiagnosticExporter.swift in Sources */ = {isa = PBXBuildFile; fileRef = D5D3C2567FBF8DBA4DE957B3 /* DiagnosticExporter.swift */; };
		B4526ECE136AC044CD3C7603 /* EditorTheme.swift in Sources */ = {isa = PBXBuildFile; fileRef = D24B049638C76AC6248FD5D2 /* EditorTheme.swift */; };
		B5B95B9DA63A734F25470FF5 /* SchemaVersions.swift in Sources */ = {isa = PBXBuildFile; fileRef = B1F8AA042D5D8A9F92F35CA3 /* SchemaVersions.swift */; };
		BD584933CCE2B650345C4CF1 /* ToolSource.swift in Sources */ = {isa = PBXBuildFile; fileRef = 5487D9027B97F7E9EE9A1F4A /* ToolSource.swift */; };
		BFF9964529E6C48F4F7BCB97 /* MarkdownSyntaxHighlighter.swift in Sources */ = {isa = PBXBuildFile; fileRef = 135976FA0E8358E099157DE1 /* MarkdownSyntaxHighlighter.swift */; };
		C30BEAE03E54BD36F257A925 /* ToolFilterView.swift in Sources */ = {isa = PBXBuildFile; fileRef = 9A5774429CCE83C2AFBE046C /* ToolFilterView.swift */; };
		C6CFF37CC0B155E8846344A4 /* ChopsIcon.icon in Resources */ = {isa = PBXBuildFile; fileRef = 04C3C644B72DD508A7CBC403 /* ChopsIcon.icon */; };
		C983C685C6296C2EF73CE57D /* CursorACPAgent.swift in Sources */ = {isa = PBXBuildFile; fileRef = 07899C351E63B32277272A59 /* CursorACPAgent.swift */; };
		CBD8FECF1C5A453C8B021665 /* FrontmatterParser.swift in Sources */ = {isa = PBXBuildFile; fileRef = 7C77C5B30E6C885B39444E5B /* FrontmatterParser.swift */; };
		CCD92CB102DFA0965D6AFDB5 /* SidebarView.swift in Sources */ = {isa = PBXBuildFile; fileRef = 2CF7822031FD82A28978D9C5 /* SidebarView.swift */; };
		CECE9BEEC1D933C543B66A4E /* Assets.xcassets in Resources */ = {isa = PBXBuildFile; fileRef = 17F7FE50C96124BA4EE43A6F /* Assets.xcassets */; };
		D4C107BE303FC07CAF9C66AF /* ContentView.swift in Sources */ = {isa = PBXBuildFile; fileRef = 60E0F71982C4AF0045962380 /* ContentView.swift */; };
		E15FE0630C11B3D0BC4C25ED /* ACPConfiguration.swift in Sources */ = {isa = PBXBuildFile; fileRef = D946A13468984E6DEBC20B9A /* ACPConfiguration.swift */; };
		E46A2BA5FA20531A06AFB418 /* ComposeModel.swift in Sources */ = {isa = PBXBuildFile; fileRef = 5CAA9B98C7A69F32C6950710 /* ComposeModel.swift */; };
		E6F4E1CF50F2F78F5BA9BAC9 /* SkillPreviewView.swift in Sources */ = {isa = PBXBuildFile; fileRef = 77E332B9970E6E3D00DCFBA3 /* SkillPreviewView.swift */; };
		E7ED248D6F94C1B1DEF1E8BA /* MarkdownRenderer.swift in Sources */ = {isa = PBXBuildFile; fileRef = 372FA72F2C179B79470DF86A /* MarkdownRenderer.swift */; };
		E98F7490B18A194F82ED2C0E /* SkillListView.swift in Sources */ = {isa = PBXBuildFile; fileRef = AA64A368BBF950CD36C4F495 /* SkillListView.swift */; };
		F16A5D53C17EB72817E1282F /* WizardTemplate.swift in Sources */ = {isa = PBXBuildFile; fileRef = 181FD0056E54DEB3957FB4DC /* WizardTemplate.swift */; };
		F3F5B40B2B8F6C684313097D /* ACPRegistry in Frameworks */ = {isa = PBXBuildFile; productRef = 642A52CB994BF3466A09E6A6 /* ACPRegistry */; };
		F482F0222F6C14110B01D47F /* ACPSettingsView.swift in Sources */ = {isa = PBXBuildFile; fileRef = 9C052B94D025127C9823E7BC /* ACPSettingsView.swift */; };
		F98B1E8579B139FD2A801650 /* SearchService.swift in Sources */ = {isa = PBXBuildFile; fileRef = 7FFC47BDE92105F4736B379F /* SearchService.swift */; };
		FB295303DD30AED03290C726 /* SkillEditorView.swift in Sources */ = {isa = PBXBuildFile; fileRef = 31B4DB87833D5160A11E39C9 /* SkillEditorView.swift */; };
		FD8D2544AE423F4AB2843C0F /* AgentTarget.swift in Sources */ = {isa = PBXBuildFile; fileRef = 907E59B064AB8366B60BF611 /* AgentTarget.swift */; };
/* End PBXBuildFile section */

/* Begin PBXFileReference section */
		04C3C644B72DD508A7CBC403 /* ChopsIcon.icon */ = {isa = PBXFileReference; lastKnownFileType = wrapper.icon; path = ChopsIcon.icon; sourceTree = "<group>"; };
		07899C351E63B32277272A59 /* CursorACPAgent.swift */ = {isa = PBXFileReference; lastKnownFileType = sourcecode.swift; path = CursorACPAgent.swift; sourceTree = "<group>"; };
		12C5CD1627D4EFF58AEF4F71 /* TemplateManager.swift */ = {isa = PBXFileReference; lastKnownFileType = sourcecode.swift; path = TemplateManager.swift; sourceTree = "<group>"; };
		135976FA0E8358E099157DE1 /* MarkdownSyntaxHighlighter.swift */ = {isa = PBXFileReference; lastKnownFileType = sourcecode.swift; path = MarkdownSyntaxHighlighter.swift; sourceTree = "<group>"; };
		168E103488DEA623E712852B /* SkillDetailView.swift */ = {isa = PBXFileReference; lastKnownFileType = sourcecode.swift; path = SkillDetailView.swift; sourceTree = "<group>"; };
		17F7FE50C96124BA4EE43A6F /* Assets.xcassets */ = {isa = PBXFileReference; lastKnownFileType = folder.assetcatalog; path = Assets.xcassets; sourceTree = "<group>"; };
		181FD0056E54DEB3957FB4DC /* WizardTemplate.swift */ = {isa = PBXFileReference; lastKnownFileType = sourcecode.swift; path = WizardTemplate.swift; sourceTree = "<group>"; };
		231C267216AF1BCA8628B667 /* AppState.swift */ = {isa = PBXFileReference; lastKnownFileType = sourcecode.swift; path = AppState.swift; sourceTree = "<group>"; };
		2787064DC7DF112E70C4E4D0 /* ChopsApp.swift */ = {isa = PBXFileReference; lastKnownFileType = sourcecode.swift; path = ChopsApp.swift; sourceTree = "<group>"; };
		27D6ED655F951177D2152351 /* Skill.swift */ = {isa = PBXFileReference; lastKnownFileType = sourcecode.swift; path = Skill.swift; sourceTree = "<group>"; };
		2CF7822031FD82A28978D9C5 /* SidebarView.swift */ = {isa = PBXFileReference; lastKnownFileType = sourcecode.swift; path = SidebarView.swift; sourceTree = "<group>"; };
		2D07C2CD05E172DB71F63033 /* ThinkingView.swift */ = {isa = PBXFileReference; lastKnownFileType = sourcecode.swift; path = ThinkingView.swift; sourceTree = "<group>"; };
		31B4DB87833D5160A11E39C9 /* SkillEditorView.swift */ = {isa = PBXFileReference; lastKnownFileType = sourcecode.swift; path = SkillEditorView.swift; sourceTree = "<group>"; };
		3314080A44DEB895223E36D5 /* RemoteServer.swift */ = {isa = PBXFileReference; lastKnownFileType = sourcecode.swift; path = RemoteServer.swift; sourceTree = "<group>"; };
		372FA72F2C179B79470DF86A /* MarkdownRenderer.swift */ = {isa = PBXFileReference; lastKnownFileType = sourcecode.swift; path = MarkdownRenderer.swift; sourceTree = "<group>"; };
		3A4F680B33C74A38FCF5ADD5 /* MDCParser.swift */ = {isa = PBXFileReference; lastKnownFileType = sourcecode.swift; path = MDCParser.swift; sourceTree = "<group>"; };
		4CA102A49ACFB23BC15794F8 /* CollectionListView.swift */ = {isa = PBXFileReference; lastKnownFileType = sourcecode.swift; path = CollectionListView.swift; sourceTree = "<group>"; };
		511C5A2149EFF77BDA7D4692 /* ACPLogger.swift */ = {isa = PBXFileReference; lastKnownFileType = sourcecode.swift; path = ACPLogger.swift; sourceTree = "<group>"; };
		5155D141EF812A3FE9ADF59C /* SkillParser.swift */ = {isa = PBXFileReference; lastKnownFileType = sourcecode.swift; path = SkillParser.swift; sourceTree = "<group>"; };
		5487D9027B97F7E9EE9A1F4A /* ToolSource.swift */ = {isa = PBXFileReference; lastKnownFileType = sourcecode.swift; path = ToolSource.swift; sourceTree = "<group>"; };
		5CAA9B98C7A69F32C6950710 /* ComposeModel.swift */ = {isa = PBXFileReference; lastKnownFileType = sourcecode.swift; path = ComposeModel.swift; sourceTree = "<group>"; };
		5E201054F47FC1E66D6E0BE2 /* ClaudeACPAgent.swift */ = {isa = PBXFileReference; lastKnownFileType = sourcecode.swift; path = ClaudeACPAgent.swift; sourceTree = "<group>"; };
		5F236C158C893B626A51E385 /* ACPLogViewer.swift */ = {isa = PBXFileReference; lastKnownFileType = sourcecode.swift; path = ACPLogViewer.swift; sourceTree = "<group>"; };
		60E0F71982C4AF0045962380 /* ContentView.swift */ = {isa = PBXFileReference; lastKnownFileType = sourcecode.swift; path = ContentView.swift; sourceTree = "<group>"; };
		6797D4AC1970DB9ACB5ACA73 /* SSHService.swift */ = {isa = PBXFileReference; lastKnownFileType = sourcecode.swift; path = SSHService.swift; sourceTree = "<group>"; };
		6E792EE2E83B2068F8C5305F /* TemplateDetailView.swift */ = {isa = PBXFileReference; lastKnownFileType = sourcecode.swift; path = TemplateDetailView.swift; sourceTree = "<group>"; };
		77E332B9970E6E3D00DCFBA3 /* SkillPreviewView.swift */ = {isa = PBXFileReference; lastKnownFileType = sourcecode.swift; path = SkillPreviewView.swift; sourceTree = "<group>"; };
		7C77C5B30E6C885B39444E5B /* FrontmatterParser.swift */ = {isa = PBXFileReference; lastKnownFileType = sourcecode.swift; path = FrontmatterParser.swift; sourceTree = "<group>"; };
		7FCD6C2A8BE68F553A9CA392 /* RegistrySheet.swift */ = {isa = PBXFileReference; lastKnownFileType = sourcecode.swift; path = RegistrySheet.swift; sourceTree = "<group>"; };
		7FFC47BDE92105F4736B379F /* SearchService.swift */ = {isa = PBXFileReference; lastKnownFileType = sourcecode.swift; path = SearchService.swift; sourceTree = "<group>"; };
		8A58EBE34E8A678FC897DFCB /* ChopsTextView.swift */ = {isa = PBXFileReference; lastKnownFileType = sourcecode.swift; path = ChopsTextView.swift; sourceTree = "<group>"; };
		8C812515FD8DC222B89745F2 /* SkillMetadataBar.swift */ = {isa = PBXFileReference; lastKnownFileType = sourcecode.swift; path = SkillMetadataBar.swift; sourceTree = "<group>"; };
		8DAD83C176F3A71A5B360BFD /* ACPClient.swift */ = {isa = PBXFileReference; lastKnownFileType = sourcecode.swift; path = ACPClient.swift; sourceTree = "<group>"; };
		907E59B064AB8366B60BF611 /* AgentTarget.swift */ = {isa = PBXFileReference; lastKnownFileType = sourcecode.swift; path = AgentTarget.swift; sourceTree = "<group>"; };
		937F83BF3496CB231C535608 /* ComposePanel.swift */ = {isa = PBXFileReference; lastKnownFileType = sourcecode.swift; path = ComposePanel.swift; sourceTree = "<group>"; };
		947EAED7376B7762A373EF08 /* MarkdownMessageView.swift */ = {isa = PBXFileReference; lastKnownFileType = sourcecode.swift; path = MarkdownMessageView.swift; sourceTree = "<group>"; };
		9A5774429CCE83C2AFBE046C /* ToolFilterView.swift */ = {isa = PBXFileReference; lastKnownFileType = sourcecode.swift; path = ToolFilterView.swift; sourceTree = "<group>"; };
		9BBC9E32924CF525F1C96BAE /* ACPAgentFactory.swift */ = {isa = PBXFileReference; lastKnownFileType = sourcecode.swift; path = ACPAgentFactory.swift; sourceTree = "<group>"; };
		9C052B94D025127C9823E7BC /* ACPSettingsView.swift */ = {isa = PBXFileReference; lastKnownFileType = sourcecode.swift; path = ACPSettingsView.swift; sourceTree = "<group>"; };
		9FC9D3E83D8640CC258CF361 /* SkillRegistry.swift */ = {isa = PBXFileReference; lastKnownFileType = sourcecode.swift; path = SkillRegistry.swift; sourceTree = "<group>"; };
		A7B6AE242CAD6A285DD57079 /* ToolBadge.swift */ = {isa = PBXFileReference; lastKnownFileType = sourcecode.swift; path = ToolBadge.swift; sourceTree = "<group>"; };
		A924245DDDA4C6A59BE15567 /* SettingsView.swift */ = {isa = PBXFileReference; lastKnownFileType = sourcecode.swift; path = SettingsView.swift; sourceTree = "<group>"; };
		AA64A368BBF950CD36C4F495 /* SkillListView.swift */ = {isa = PBXFileReference; lastKnownFileType = sourcecode.swift; path = SkillListView.swift; sourceTree = "<group>"; };
		B1F8AA042D5D8A9F92F35CA3 /* SchemaVersions.swift */ = {isa = PBXFileReference; lastKnownFileType = sourcecode.swift; path = SchemaVersions.swift; sourceTree = "<group>"; };
		B3F5CF5BB1FC8455FDDB004A /* Chops.app */ = {isa = PBXFileReference; explicitFileType = wrapper.application; includeInIndex = 0; path = Chops.app; sourceTree = BUILT_PRODUCTS_DIR; };
		B955C8B935BD62ED4811FCA2 /* DiffReviewPanel.swift */ = {isa = PBXFileReference; lastKnownFileType = sourcecode.swift; path = DiffReviewPanel.swift; sourceTree = "<group>"; };
		C9AFE1AF02B0F8057791C2A9 /* Collection.swift */ = {isa = PBXFileReference; lastKnownFileType = sourcecode.swift; path = Collection.swift; sourceTree = "<group>"; };
		CAD26AA4787A2E0CDC86AADC /* FileWatcher.swift */ = {isa = PBXFileReference; lastKnownFileType = sourcecode.swift; path = FileWatcher.swift; sourceTree = "<group>"; };
		D24B049638C76AC6248FD5D2 /* EditorTheme.swift */ = {isa = PBXFileReference; lastKnownFileType = sourcecode.swift; path = EditorTheme.swift; sourceTree = "<group>"; };
		D5D3C2567FBF8DBA4DE957B3 /* DiagnosticExporter.swift */ = {isa = PBXFileReference; lastKnownFileType = sourcecode.swift; path = DiagnosticExporter.swift; sourceTree = "<group>"; };
		D946A13468984E6DEBC20B9A /* ACPConfiguration.swift */ = {isa = PBXFileReference; lastKnownFileType = sourcecode.swift; path = ACPConfiguration.swift; sourceTree = "<group>"; };
		E684304D1723CA691F40335B /* RemoteServersSettingsView.swift */ = {isa = PBXFileReference; lastKnownFileType = sourcecode.swift; path = RemoteServersSettingsView.swift; sourceTree = "<group>"; };
		E6A5B26D335C1AFB6CDE8207 /* SkillScanner.swift */ = {isa = PBXFileReference; lastKnownFileType = sourcecode.swift; path = SkillScanner.swift; sourceTree = "<group>"; };
		F02A00F80E4712872205EA7B /* NewSkillSheet.swift */ = {isa = PBXFileReference; lastKnownFileType = sourcecode.swift; path = NewSkillSheet.swift; sourceTree = "<group>"; };
		F45D5C8E8C732B2F4A867E43 /* AppLogger.swift */ = {isa = PBXFileReference; lastKnownFileType = sourcecode.swift; path = AppLogger.swift; sourceTree = "<group>"; };
/* End PBXFileReference section */

/* Begin PBXFrameworksBuildPhase section */
		58F62ED0A413A9C746F9D783 /* Frameworks */ = {
			isa = PBXFrameworksBuildPhase;
			buildActionMask = 2147483647;
			files = (
				331F55021A7E6C9F0B666514 /* Sparkle in Frameworks */,
				791AA125E9170DBA81BCBE62 /* Highlightr in Frameworks */,
				801A39D725B59A2F2BAF5DF2 /* cmark in Frameworks */,
				87AEE95EAD9793D3241D4387 /* ACP in Frameworks */,
				0DC3536F86CAA3C4680958AF /* ACPModel in Frameworks */,
				F3F5B40B2B8F6C684313097D /* ACPRegistry in Frameworks */,
			);
			runOnlyForDeploymentPostprocessing = 0;
		};
/* End PBXFrameworksBuildPhase section */

/* Begin PBXGroup section */
		05CBDCA0595CF021CC38C7E4 /* Utilities */ = {
			isa = PBXGroup;
			children = (
				7C77C5B30E6C885B39444E5B /* FrontmatterParser.swift */,
				372FA72F2C179B79470DF86A /* MarkdownRenderer.swift */,
				3A4F680B33C74A38FCF5ADD5 /* MDCParser.swift */,
			);
			path = Utilities;
			sourceTree = "<group>";
		};
		08ECEAD013847D8F110E61B4 = {
			isa = PBXGroup;
			children = (
				198DFCB0614727F57F6D073D /* Chops */,
				D3558033A0A7B4EE7E7234CE /* Products */,
			);
			sourceTree = "<group>";
		};
		198DFCB0614727F57F6D073D /* Chops */ = {
			isa = PBXGroup;
			children = (
				04C3C644B72DD508A7CBC403 /* ChopsIcon.icon */,
				55B50A6F7E2143E2A7160C6D /* App */,
				75334DE5CD1545A8E1E63699 /* Models */,
				D17AEFDEFE1C95D34F0F5771 /* Resources */,
				665294B304954CDCE458E2FA /* Services */,
				05CBDCA0595CF021CC38C7E4 /* Utilities */,
				414F6727A94989246C3B7B36 /* Views */,
			);
			path = Chops;
			sourceTree = "<group>";
		};
		1B016A7C37052B1801FCFD6A /* Shared */ = {
			isa = PBXGroup;
			children = (
				5F236C158C893B626A51E385 /* ACPLogViewer.swift */,
				5CAA9B98C7A69F32C6950710 /* ComposeModel.swift */,
				937F83BF3496CB231C535608 /* ComposePanel.swift */,
				B955C8B935BD62ED4811FCA2 /* DiffReviewPanel.swift */,
				947EAED7376B7762A373EF08 /* MarkdownMessageView.swift */,
				F02A00F80E4712872205EA7B /* NewSkillSheet.swift */,
				7FCD6C2A8BE68F553A9CA392 /* RegistrySheet.swift */,
				2D07C2CD05E172DB71F63033 /* ThinkingView.swift */,
				A7B6AE242CAD6A285DD57079 /* ToolBadge.swift */,
			);
			path = Shared;
			sourceTree = "<group>";
		};
		3B8985D8816557B264BF0AD8 /* ACP */ = {
			isa = PBXGroup;
			children = (
				9BBC9E32924CF525F1C96BAE /* ACPAgentFactory.swift */,
				8DAD83C176F3A71A5B360BFD /* ACPClient.swift */,
				511C5A2149EFF77BDA7D4692 /* ACPLogger.swift */,
				89F9D9F176DFDB3FDF02DEFC /* Agents */,
			);
			path = ACP;
			sourceTree = "<group>";
		};
		40FF74A5B2D0A1E16B14B7A4 /* Settings */ = {
			isa = PBXGroup;
			children = (
				9C052B94D025127C9823E7BC /* ACPSettingsView.swift */,
				D5D3C2567FBF8DBA4DE957B3 /* DiagnosticExporter.swift */,
				E684304D1723CA691F40335B /* RemoteServersSettingsView.swift */,
				A924245DDDA4C6A59BE15567 /* SettingsView.swift */,
			);
			path = Settings;
			sourceTree = "<group>";
		};
		414F6727A94989246C3B7B36 /* Views */ = {
			isa = PBXGroup;
			children = (
				96A2A820C082754BBFB0237D /* Detail */,
				40FF74A5B2D0A1E16B14B7A4 /* Settings */,
				1B016A7C37052B1801FCFD6A /* Shared */,
				95530102A99D9A389717E414 /* Sidebar */,
			);
			path = Views;
			sourceTree = "<group>";
		};
		55B50A6F7E2143E2A7160C6D /* App */ = {
			isa = PBXGroup;
			children = (
				231C267216AF1BCA8628B667 /* AppState.swift */,
				2787064DC7DF112E70C4E4D0 /* ChopsApp.swift */,
				60E0F71982C4AF0045962380 /* ContentView.swift */,
			);
			path = App;
			sourceTree = "<group>";
		};
		665294B304954CDCE458E2FA /* Services */ = {
			isa = PBXGroup;
			children = (
				F45D5C8E8C732B2F4A867E43 /* AppLogger.swift */,
				CAD26AA4787A2E0CDC86AADC /* FileWatcher.swift */,
				7FFC47BDE92105F4736B379F /* SearchService.swift */,
				5155D141EF812A3FE9ADF59C /* SkillParser.swift */,
				9FC9D3E83D8640CC258CF361 /* SkillRegistry.swift */,
				E6A5B26D335C1AFB6CDE8207 /* SkillScanner.swift */,
				6797D4AC1970DB9ACB5ACA73 /* SSHService.swift */,
				12C5CD1627D4EFF58AEF4F71 /* TemplateManager.swift */,
				3B8985D8816557B264BF0AD8 /* ACP */,
			);
			path = Services;
			sourceTree = "<group>";
		};
		75334DE5CD1545A8E1E63699 /* Models */ = {
			isa = PBXGroup;
			children = (
				D946A13468984E6DEBC20B9A /* ACPConfiguration.swift */,
				907E59B064AB8366B60BF611 /* AgentTarget.swift */,
				C9AFE1AF02B0F8057791C2A9 /* Collection.swift */,
				3314080A44DEB895223E36D5 /* RemoteServer.swift */,
				B1F8AA042D5D8A9F92F35CA3 /* SchemaVersions.swift */,
				27D6ED655F951177D2152351 /* Skill.swift */,
				5487D9027B97F7E9EE9A1F4A /* ToolSource.swift */,
				181FD0056E54DEB3957FB4DC /* WizardTemplate.swift */,
			);
			path = Models;
			sourceTree = "<group>";
		};
		89F9D9F176DFDB3FDF02DEFC /* Agents */ = {
			isa = PBXGroup;
			children = (
				5E201054F47FC1E66D6E0BE2 /* ClaudeACPAgent.swift */,
				07899C351E63B32277272A59 /* CursorACPAgent.swift */,
			);
			path = Agents;
			sourceTree = "<group>";
		};
		95530102A99D9A389717E414 /* Sidebar */ = {
			isa = PBXGroup;
			children = (
				4CA102A49ACFB23BC15794F8 /* CollectionListView.swift */,
				2CF7822031FD82A28978D9C5 /* SidebarView.swift */,
				AA64A368BBF950CD36C4F495 /* SkillListView.swift */,
				9A5774429CCE83C2AFBE046C /* ToolFilterView.swift */,
			);
			path = Sidebar;
			sourceTree = "<group>";
		};
		96A2A820C082754BBFB0237D /* Detail */ = {
			isa = PBXGroup;
			children = (
				8A58EBE34E8A678FC897DFCB /* ChopsTextView.swift */,
				D24B049638C76AC6248FD5D2 /* EditorTheme.swift */,
				135976FA0E8358E099157DE1 /* MarkdownSyntaxHighlighter.swift */,
				168E103488DEA623E712852B /* SkillDetailView.swift */,
				31B4DB87833D5160A11E39C9 /* SkillEditorView.swift */,
				8C812515FD8DC222B89745F2 /* SkillMetadataBar.swift */,
				77E332B9970E6E3D00DCFBA3 /* SkillPreviewView.swift */,
				6E792EE2E83B2068F8C5305F /* TemplateDetailView.swift */,
			);
			path = Detail;
			sourceTree = "<group>";
		};
		D17AEFDEFE1C95D34F0F5771 /* Resources */ = {
			isa = PBXGroup;
			children = (
				17F7FE50C96124BA4EE43A6F /* Assets.xcassets */,
			);
			path = Resources;
			sourceTree = "<group>";
		};
		D3558033A0A7B4EE7E7234CE /* Products */ = {
			isa = PBXGroup;
			children = (
				B3F5CF5BB1FC8455FDDB004A /* Chops.app */,
			);
			name = Products;
			sourceTree = "<group>";
		};
/* End PBXGroup section */

/* Begin PBXNativeTarget section */
		9188DE9415462C6D3B3FA067 /* Chops */ = {
			isa = PBXNativeTarget;
			buildConfigurationList = 19BD727EBF8BFE5016E97A7A /* Build configuration list for PBXNativeTarget "Chops" */;
			buildPhases = (
				1D538A007981736680A1AD9B /* Sources */,
				C796CFFF04920C825B5A52FA /* Resources */,
				58F62ED0A413A9C746F9D783 /* Frameworks */,
			);
			buildRules = (
			);
			dependencies = (
			);
			name = Chops;
			packageProductDependencies = (
				4338FC540625A275BBC9AAC9 /* Sparkle */,
				704A14702546BFBD29BE27A8 /* Highlightr */,
				9F4BE66CFE1E8401894FEF1F /* cmark */,
				F642568B19B420E64E62307D /* ACP */,
				86292938A0949F325E358FA5 /* ACPModel */,
				642A52CB994BF3466A09E6A6 /* ACPRegistry */,
			);
			productName = Chops;
			productReference = B3F5CF5BB1FC8455FDDB004A /* Chops.app */;
			productType = "com.apple.product-type.application";
		};
/* End PBXNativeTarget section */

/* Begin PBXProject section */
		0BF6016099FDE9BFD3432654 /* Project object */ = {
			isa = PBXProject;
			attributes = {
				BuildIndependentTargetsInParallel = YES;
				LastUpgradeCheck = 1430;
				TargetAttributes = {
				};
			};
			buildConfigurationList = 719777DE0F769FDB488A0FDB /* Build configuration list for PBXProject "Chops" */;
			developmentRegion = en;
			hasScannedForEncodings = 0;
			knownRegions = (
				Base,
				en,
			);
			mainGroup = 08ECEAD013847D8F110E61B4;
			minimizedProjectReferenceProxies = 1;
			packageReferences = (
				EFEB40047FCA0FF6CF09B7EC /* XCRemoteSwiftPackageReference "swift-acp" */,
				7FA62842E4E9A8FD27AE24AF /* XCRemoteSwiftPackageReference "Highlightr" */,
				FD1D69AB767CC40E2CE9FED9 /* XCRemoteSwiftPackageReference "Sparkle" */,
				05A6F59368DE6489DCD607F1 /* XCRemoteSwiftPackageReference "cmark-gfm" */,
			);
			preferredProjectObjectVersion = 77;
			productRefGroup = D3558033A0A7B4EE7E7234CE /* Products */;
			projectDirPath = "";
			projectRoot = "";
			targets = (
				9188DE9415462C6D3B3FA067 /* Chops */,
			);
		};
/* End PBXProject section */

/* Begin PBXResourcesBuildPhase section */
		C796CFFF04920C825B5A52FA /* Resources */ = {
			isa = PBXResourcesBuildPhase;
			buildActionMask = 2147483647;
			files = (
				CECE9BEEC1D933C543B66A4E /* Assets.xcassets in Resources */,
				C6CFF37CC0B155E8846344A4 /* ChopsIcon.icon in Resources */,
			);
			runOnlyForDeploymentPostprocessing = 0;
		};
/* End PBXResourcesBuildPhase section */

/* Begin PBXSourcesBuildPhase section */
		1D538A007981736680A1AD9B /* Sources */ = {
			isa = PBXSourcesBuildPhase;
			buildActionMask = 2147483647;
			files = (
				590A98554CAF058BC006CC53 /* ACPAgentFactory.swift in Sources */,
				3BF88469DCE0B56DD15DDB09 /* ACPClient.swift in Sources */,
				E15FE0630C11B3D0BC4C25ED /* ACPConfiguration.swift in Sources */,
				1BBEBC85C24BBC4E08AA1821 /* ACPLogViewer.swift in Sources */,
				72F7688C0EDA2DAF80C6512B /* ACPLogger.swift in Sources */,
				F482F0222F6C14110B01D47F /* ACPSettingsView.swift in Sources */,
				FD8D2544AE423F4AB2843C0F /* AgentTarget.swift in Sources */,
				A99BA179E0520DCDC98E1382 /* AppLogger.swift in Sources */,
				25A4FB387DB5BD96DB630C14 /* AppState.swift in Sources */,
				309B12E0B72A22C9772BBC99 /* ChopsApp.swift in Sources */,
				91EA572FCA75A2EA848C3429 /* ChopsTextView.swift in Sources */,
				62C6C8687D8A1E3C1EBBBC8C /* ClaudeACPAgent.swift in Sources */,
				7A17C99C5EFAE3AA9E788D50 /* Collection.swift in Sources */,
				7EC6156934D559226BC78859 /* CollectionListView.swift in Sources */,
				E46A2BA5FA20531A06AFB418 /* ComposeModel.swift in Sources */,
				74045816B0CF10369DB51ADD /* ComposePanel.swift in Sources */,
				D4C107BE303FC07CAF9C66AF /* ContentView.swift in Sources */,
				C983C685C6296C2EF73CE57D /* CursorACPAgent.swift in Sources */,
				AFDC3DAB708B352A7606F119 /* DiagnosticExporter.swift in Sources */,
				6E02BA7498763274DD403CD0 /* DiffReviewPanel.swift in Sources */,
				B4526ECE136AC044CD3C7603 /* EditorTheme.swift in Sources */,
				99EE8F6124FE91AC9576D6FD /* FileWatcher.swift in Sources */,
				CBD8FECF1C5A453C8B021665 /* FrontmatterParser.swift in Sources */,
				7FD1DE6640F9339D5E97E09A /* MDCParser.swift in Sources */,
				322C22C23073C29FC0C6098D /* MarkdownMessageView.swift in Sources */,
				E7ED248D6F94C1B1DEF1E8BA /* MarkdownRenderer.swift in Sources */,
				BFF9964529E6C48F4F7BCB97 /* MarkdownSyntaxHighlighter.swift in Sources */,
				71E92A838AB4D1D6DC6174AF /* NewSkillSheet.swift in Sources */,
				98434D3DDFEEC7239F6F7B79 /* RegistrySheet.swift in Sources */,
				5B81DED237A60776ADB04134 /* RemoteServer.swift in Sources */,
				480681BAD19F7CAF6AE154A2 /* RemoteServersSettingsView.swift in Sources */,
				AAC4A3CBF2A9B4DF50608948 /* SSHService.swift in Sources */,
				B5B95B9DA63A734F25470FF5 /* SchemaVersions.swift in Sources */,
				F98B1E8579B139FD2A801650 /* SearchService.swift in Sources */,
				2263A0A3B358FBA099D0086D /* SettingsView.swift in Sources */,
				CCD92CB102DFA0965D6AFDB5 /* SidebarView.swift in Sources */,
				95163AEB7980654C901EC693 /* Skill.swift in Sources */,
				09D3F065191A83BDEE922789 /* SkillDetailView.swift in Sources */,
				FB295303DD30AED03290C726 /* SkillEditorView.swift in Sources */,
				E98F7490B18A194F82ED2C0E /* SkillListView.swift in Sources */,
				87A469B631CC80C89B14B1C7 /* SkillMetadataBar.swift in Sources */,
				60A6711BAB0C3B8A3ACBF985 /* SkillParser.swift in Sources */,
				E6F4E1CF50F2F78F5BA9BAC9 /* SkillPreviewView.swift in Sources */,
				846B58F3B105D1734DC6FA75 /* SkillRegistry.swift in Sources */,
				6A8E0927D95BB14C9F377F4E /* SkillScanner.swift in Sources */,
				08B4E2A065E192F17F2568B6 /* TemplateDetailView.swift in Sources */,
				3F0ED402E77D8D25C600BAED /* TemplateManager.swift in Sources */,
				038F5975DA97A3211EF4D448 /* ThinkingView.swift in Sources */,
				53C393C13E30EC439317509F /* ToolBadge.swift in Sources */,
				C30BEAE03E54BD36F257A925 /* ToolFilterView.swift in Sources */,
				BD584933CCE2B650345C4CF1 /* ToolSource.swift in Sources */,
				F16A5D53C17EB72817E1282F /* WizardTemplate.swift in Sources */,
			);
			runOnlyForDeploymentPostprocessing = 0;
		};
/* End PBXSourcesBuildPhase section */

/* Begin XCBuildConfiguration section */
		31FDAD4740108C316B09117A /* Release */ = {
			isa = XCBuildConfiguration;
			buildSettings = {
				ALWAYS_SEARCH_USER_PATHS = NO;
				CLANG_ANALYZER_NONNULL = YES;
				CLANG_ANALYZER_NUMBER_OBJECT_CONVERSION = YES_AGGRESSIVE;
				CLANG_CXX_LANGUAGE_STANDARD = "gnu++14";
				CLANG_CXX_LIBRARY = "libc++";
				CLANG_ENABLE_MODULES = YES;
				CLANG_ENABLE_OBJC_ARC = YES;
				CLANG_ENABLE_OBJC_WEAK = YES;
				CLANG_WARN_BLOCK_CAPTURE_AUTORELEASING = YES;
				CLANG_WARN_BOOL_CONVERSION = YES;
				CLANG_WARN_COMMA = YES;
				CLANG_WARN_CONSTANT_CONVERSION = YES;
				CLANG_WARN_DEPRECATED_OBJC_IMPLEMENTATIONS = YES;
				CLANG_WARN_DIRECT_OBJC_ISA_USAGE = YES_ERROR;
				CLANG_WARN_DOCUMENTATION_COMMENTS = YES;
				CLANG_WARN_EMPTY_BODY = YES;
				CLANG_WARN_ENUM_CONVERSION = YES;
				CLANG_WARN_INFINITE_RECURSION = YES;
				CLANG_WARN_INT_CONVERSION = YES;
				CLANG_WARN_NON_LITERAL_NULL_CONVERSION = YES;
				CLANG_WARN_OBJC_IMPLICIT_RETAIN_SELF = YES;
				CLANG_WARN_OBJC_LITERAL_CONVERSION = YES;
				CLANG_WARN_OBJC_ROOT_CLASS = YES_ERROR;
				CLANG_WARN_QUOTED_INCLUDE_IN_FRAMEWORK_HEADER = YES;
				CLANG_WARN_RANGE_LOOP_ANALYSIS = YES;
				CLANG_WARN_STRICT_PROTOTYPES = YES;
				CLANG_WARN_SUSPICIOUS_MOVE = YES;
				CLANG_WARN_UNGUARDED_AVAILABILITY = YES_AGGRESSIVE;
				CLANG_WARN_UNREACHABLE_CODE = YES;
				CLANG_WARN__DUPLICATE_METHOD_MATCH = YES;
				COPY_PHASE_STRIP = NO;
				DEBUG_INFORMATION_FORMAT = "dwarf-with-dsym";
				ENABLE_NS_ASSERTIONS = NO;
				ENABLE_STRICT_OBJC_MSGSEND = YES;
				GCC_C_LANGUAGE_STANDARD = gnu11;
				GCC_NO_COMMON_BLOCKS = YES;
				GCC_WARN_64_TO_32_BIT_CONVERSION = YES;
				GCC_WARN_ABOUT_RETURN_TYPE = YES_ERROR;
				GCC_WARN_UNDECLARED_SELECTOR = YES;
				GCC_WARN_UNINITIALIZED_AUTOS = YES_AGGRESSIVE;
				GCC_WARN_UNUSED_FUNCTION = YES;
				GCC_WARN_UNUSED_VARIABLE = YES;
				MACOSX_DEPLOYMENT_TARGET = 15.0;
				MTL_ENABLE_DEBUG_INFO = NO;
				MTL_FAST_MATH = YES;
				PRODUCT_NAME = "$(TARGET_NAME)";
				SDKROOT = macosx;
				SWIFT_COMPILATION_MODE = wholemodule;
				SWIFT_OPTIMIZATION_LEVEL = "-O";
				SWIFT_VERSION = 5.0;
			};
			name = Release;
		};
		48F3C139C64DA85863FE9C21 /* LocalRelease */ = {
			isa = XCBuildConfiguration;
			buildSettings = {
				ASSETCATALOG_COMPILER_APPICON_NAME = ChopsIcon;
				CODE_SIGN_ENTITLEMENTS = Chops/ChopsLocalRelease.entitlements;
				COMBINE_HIDPI_IMAGES = YES;
				CURRENT_PROJECT_VERSION = 1;
				ENABLE_HARDENED_RUNTIME = YES;
				GENERATE_INFOPLIST_FILE = NO;
				INFOPLIST_FILE = Chops/Info.plist;
				LD_RUNPATH_SEARCH_PATHS = (
					"$(inherited)",
					"@executable_path/../Frameworks",
				);
				MACOSX_DEPLOYMENT_TARGET = 15.0;
				MARKETING_VERSION = 1.0.0;
				PRODUCT_BUNDLE_IDENTIFIER = com.joshpigford.Chops;
				SDKROOT = macosx;
				SWIFT_STRICT_CONCURRENCY = minimal;
			};
			name = LocalRelease;
		};
		52738EE717474F8671BFB266 /* Debug */ = {
			isa = XCBuildConfiguration;
			buildSettings = {
				ASSETCATALOG_COMPILER_APPICON_NAME = ChopsIcon;
				CODE_SIGN_ENTITLEMENTS = Chops/Chops.entitlements;
				COMBINE_HIDPI_IMAGES = YES;
				CURRENT_PROJECT_VERSION = 1;
				ENABLE_HARDENED_RUNTIME = YES;
				GENERATE_INFOPLIST_FILE = NO;
				INFOPLIST_FILE = Chops/Info.plist;
				LD_RUNPATH_SEARCH_PATHS = (
					"$(inherited)",
					"@executable_path/../Frameworks",
				);
				MACOSX_DEPLOYMENT_TARGET = 15.0;
				MARKETING_VERSION = 1.0.0;
				PRODUCT_BUNDLE_IDENTIFIER = com.joshpigford.Chops;
				SDKROOT = macosx;
				SWIFT_STRICT_CONCURRENCY = minimal;
			};
			name = Debug;
		};
		58C6E63A67ADDC4C7CB7ED9D /* Release */ = {
			isa = XCBuildConfiguration;
			buildSettings = {
				ASSETCATALOG_COMPILER_APPICON_NAME = ChopsIcon;
				CODE_SIGN_ENTITLEMENTS = Chops/Chops.entitlements;
				CODE_SIGN_IDENTITY = "Developer ID Application";
				COMBINE_HIDPI_IMAGES = YES;
				CURRENT_PROJECT_VERSION = 1;
				ENABLE_HARDENED_RUNTIME = YES;
				GENERATE_INFOPLIST_FILE = NO;
				INFOPLIST_FILE = Chops/Info.plist;
				LD_RUNPATH_SEARCH_PATHS = (
					"$(inherited)",
					"@executable_path/../Frameworks",
				);
				MACOSX_DEPLOYMENT_TARGET = 15.0;
				MARKETING_VERSION = 1.0.0;
				PRODUCT_BUNDLE_IDENTIFIER = com.joshpigford.Chops;
				SDKROOT = macosx;
				SWIFT_STRICT_CONCURRENCY = minimal;
			};
			name = Release;
		};
		67CFFB04E52F4383BF75357C /* Debug */ = {
			isa = XCBuildConfiguration;
			buildSettings = {
				ALWAYS_SEARCH_USER_PATHS = NO;
				CLANG_ANALYZER_NONNULL = YES;
				CLANG_ANALYZER_NUMBER_OBJECT_CONVERSION = YES_AGGRESSIVE;
				CLANG_CXX_LANGUAGE_STANDARD = "gnu++14";
				CLANG_CXX_LIBRARY = "libc++";
				CLANG_ENABLE_MODULES = YES;
				CLANG_ENABLE_OBJC_ARC = YES;
				CLANG_ENABLE_OBJC_WEAK = YES;
				CLANG_WARN_BLOCK_CAPTURE_AUTORELEASING = YES;
				CLANG_WARN_BOOL_CONVERSION = YES;
				CLANG_WARN_COMMA = YES;
				CLANG_WARN_CONSTANT_CONVERSION = YES;
				CLANG_WARN_DEPRECATED_OBJC_IMPLEMENTATIONS = YES;
				CLANG_WARN_DIRECT_OBJC_ISA_USAGE = YES_ERROR;
				CLANG_WARN_DOCUMENTATION_COMMENTS = YES;
				CLANG_WARN_EMPTY_BODY = YES;
				CLANG_WARN_ENUM_CONVERSION = YES;
				CLANG_WARN_INFINITE_RECURSION = YES;
				CLANG_WARN_INT_CONVERSION = YES;
				CLANG_WARN_NON_LITERAL_NULL_CONVERSION = YES;
				CLANG_WARN_OBJC_IMPLICIT_RETAIN_SELF = YES;
				CLANG_WARN_OBJC_LITERAL_CONVERSION = YES;
				CLANG_WARN_OBJC_ROOT_CLASS = YES_ERROR;
				CLANG_WARN_QUOTED_INCLUDE_IN_FRAMEWORK_HEADER = YES;
				CLANG_WARN_RANGE_LOOP_ANALYSIS = YES;
				CLANG_WARN_STRICT_PROTOTYPES = YES;
				CLANG_WARN_SUSPICIOUS_MOVE = YES;
				CLANG_WARN_UNGUARDED_AVAILABILITY = YES_AGGRESSIVE;
				CLANG_WARN_UNREACHABLE_CODE = YES;
				CLANG_WARN__DUPLICATE_METHOD_MATCH = YES;
				COPY_PHASE_STRIP = NO;
				DEBUG_INFORMATION_FORMAT = dwarf;
				ENABLE_STRICT_OBJC_MSGSEND = YES;
				ENABLE_TESTABILITY = YES;
				GCC_C_LANGUAGE_STANDARD = gnu11;
				GCC_DYNAMIC_NO_PIC = NO;
				GCC_NO_COMMON_BLOCKS = YES;
				GCC_OPTIMIZATION_LEVEL = 0;
				GCC_PREPROCESSOR_DEFINITIONS = (
					"$(inherited)",
					"DEBUG=1",
				);
				GCC_WARN_64_TO_32_BIT_CONVERSION = YES;
				GCC_WARN_ABOUT_RETURN_TYPE = YES_ERROR;
				GCC_WARN_UNDECLARED_SELECTOR = YES;
				GCC_WARN_UNINITIALIZED_AUTOS = YES_AGGRESSIVE;
				GCC_WARN_UNUSED_FUNCTION = YES;
				GCC_WARN_UNUSED_VARIABLE = YES;
				MACOSX_DEPLOYMENT_TARGET = 15.0;
				MTL_ENABLE_DEBUG_INFO = INCLUDE_SOURCE;
				MTL_FAST_MATH = YES;
				ONLY_ACTIVE_ARCH = YES;
				PRODUCT_NAME = "$(TARGET_NAME)";
				SDKROOT = macosx;
				SWIFT_ACTIVE_COMPILATION_CONDITIONS = DEBUG;
				SWIFT_OPTIMIZATION_LEVEL = "-Onone";
				SWIFT_VERSION = 5.0;
			};
			name = Debug;
		};
		9095D323E2CCDA0C5D19CDAE /* LocalRelease */ = {
			isa = XCBuildConfiguration;
			buildSettings = {
				ALWAYS_SEARCH_USER_PATHS = NO;
				CLANG_ANALYZER_NONNULL = YES;
				CLANG_ANALYZER_NUMBER_OBJECT_CONVERSION = YES_AGGRESSIVE;
				CLANG_CXX_LANGUAGE_STANDARD = "gnu++14";
				CLANG_CXX_LIBRARY = "libc++";
				CLANG_ENABLE_MODULES = YES;
				CLANG_ENABLE_OBJC_ARC = YES;
				CLANG_ENABLE_OBJC_WEAK = YES;
				CLANG_WARN_BLOCK_CAPTURE_AUTORELEASING = YES;
				CLANG_WARN_BOOL_CONVERSION = YES;
				CLANG_WARN_COMMA = YES;
				CLANG_WARN_CONSTANT_CONVERSION = YES;
				CLANG_WARN_DEPRECATED_OBJC_IMPLEMENTATIONS = YES;
				CLANG_WARN_DIRECT_OBJC_ISA_USAGE = YES_ERROR;
				CLANG_WARN_DOCUMENTATION_COMMENTS = YES;
				CLANG_WARN_EMPTY_BODY = YES;
				CLANG_WARN_ENUM_CONVERSION = YES;
				CLANG_WARN_INFINITE_RECURSION = YES;
				CLANG_WARN_INT_CONVERSION = YES;
				CLANG_WARN_NON_LITERAL_NULL_CONVERSION = YES;
				CLANG_WARN_OBJC_IMPLICIT_RETAIN_SELF = YES;
				CLANG_WARN_OBJC_LITERAL_CONVERSION = YES;
				CLANG_WARN_OBJC_ROOT_CLASS = YES_ERROR;
				CLANG_WARN_QUOTED_INCLUDE_IN_FRAMEWORK_HEADER = YES;
				CLANG_WARN_RANGE_LOOP_ANALYSIS = YES;
				CLANG_WARN_STRICT_PROTOTYPES = YES;
				CLANG_WARN_SUSPICIOUS_MOVE = YES;
				CLANG_WARN_UNGUARDED_AVAILABILITY = YES_AGGRESSIVE;
				CLANG_WARN_UNREACHABLE_CODE = YES;
				CLANG_WARN__DUPLICATE_METHOD_MATCH = YES;
				COPY_PHASE_STRIP = NO;
				DEBUG_INFORMATION_FORMAT = "dwarf-with-dsym";
				ENABLE_NS_ASSERTIONS = NO;
				ENABLE_STRICT_OBJC_MSGSEND = YES;
				GCC_C_LANGUAGE_STANDARD = gnu11;
				GCC_NO_COMMON_BLOCKS = YES;
				GCC_WARN_64_TO_32_BIT_CONVERSION = YES;
				GCC_WARN_ABOUT_RETURN_TYPE = YES_ERROR;
				GCC_WARN_UNDECLARED_SELECTOR = YES;
				GCC_WARN_UNINITIALIZED_AUTOS = YES_AGGRESSIVE;
				GCC_WARN_UNUSED_FUNCTION = YES;
				GCC_WARN_UNUSED_VARIABLE = YES;
				MACOSX_DEPLOYMENT_TARGET = 15.0;
				MTL_ENABLE_DEBUG_INFO = NO;
				MTL_FAST_MATH = YES;
				PRODUCT_NAME = "$(TARGET_NAME)";
				SDKROOT = macosx;
				SWIFT_COMPILATION_MODE = wholemodule;
				SWIFT_OPTIMIZATION_LEVEL = "-O";
				SWIFT_VERSION = 5.0;
			};
			name = LocalRelease;
		};
/* End XCBuildConfiguration section */

/* Begin XCConfigurationList section */
		19BD727EBF8BFE5016E97A7A /* Build configuration list for PBXNativeTarget "Chops" */ = {
			isa = XCConfigurationList;
			buildConfigurations = (
				52738EE717474F8671BFB266 /* Debug */,
				48F3C139C64DA85863FE9C21 /* LocalRelease */,
				58C6E63A67ADDC4C7CB7ED9D /* Release */,
			);
			defaultConfigurationIsVisible = 0;
			defaultConfigurationName = Debug;
		};
		719777DE0F769FDB488A0FDB /* Build configuration list for PBXProject "Chops" */ = {
			isa = XCConfigurationList;
			buildConfigurations = (
				67CFFB04E52F4383BF75357C /* Debug */,
				9095D323E2CCDA0C5D19CDAE /* LocalRelease */,
				31FDAD4740108C316B09117A /* Release */,
			);
			defaultConfigurationIsVisible = 0;
			defaultConfigurationName = Debug;
		};
/* End XCConfigurationList section */

/* Begin XCRemoteSwiftPackageReference section */
		05A6F59368DE6489DCD607F1 /* XCRemoteSwiftPackageReference "cmark-gfm" */ = {
			isa = XCRemoteSwiftPackageReference;
			repositoryURL = "https://github.com/brokenhandsio/cmark-gfm.git";
			requirement = {
				kind = upToNextMajorVersion;
				minimumVersion = 2.1.0;
			};
		};
		7FA62842E4E9A8FD27AE24AF /* XCRemoteSwiftPackageReference "Highlightr" */ = {
			isa = XCRemoteSwiftPackageReference;
			repositoryURL = "https://github.com/raspu/Highlightr";
			requirement = {
				kind = upToNextMajorVersion;
				minimumVersion = 2.2.1;
			};
		};
		EFEB40047FCA0FF6CF09B7EC /* XCRemoteSwiftPackageReference "swift-acp" */ = {
			isa = XCRemoteSwiftPackageReference;
			repositoryURL = "https://github.com/wiedymi/swift-acp";
			requirement = {
				branch = main;
				kind = branch;
			};
		};
		FD1D69AB767CC40E2CE9FED9 /* XCRemoteSwiftPackageReference "Sparkle" */ = {
			isa = XCRemoteSwiftPackageReference;
			repositoryURL = "https://github.com/sparkle-project/Sparkle";
			requirement = {
				kind = upToNextMajorVersion;
				minimumVersion = 2.6.0;
			};
		};
/* End XCRemoteSwiftPackageReference section */

/* Begin XCSwiftPackageProductDependency section */
		4338FC540625A275BBC9AAC9 /* Sparkle */ = {
			isa = XCSwiftPackageProductDependency;
			package = FD1D69AB767CC40E2CE9FED9 /* XCRemoteSwiftPackageReference "Sparkle" */;
			productName = Sparkle;
		};
		642A52CB994BF3466A09E6A6 /* ACPRegistry */ = {
			isa = XCSwiftPackageProductDependency;
			package = EFEB40047FCA0FF6CF09B7EC /* XCRemoteSwiftPackageReference "swift-acp" */;
			productName = ACPRegistry;
		};
		704A14702546BFBD29BE27A8 /* Highlightr */ = {
			isa = XCSwiftPackageProductDependency;
			package = 7FA62842E4E9A8FD27AE24AF /* XCRemoteSwiftPackageReference "Highlightr" */;
			productName = Highlightr;
		};
		86292938A0949F325E358FA5 /* ACPModel */ = {
			isa = XCSwiftPackageProductDependency;
			package = EFEB40047FCA0FF6CF09B7EC /* XCRemoteSwiftPackageReference "swift-acp" */;
			productName = ACPModel;
		};
		9F4BE66CFE1E8401894FEF1F /* cmark */ = {
			isa = XCSwiftPackageProductDependency;
			package = 05A6F59368DE6489DCD607F1 /* XCRemoteSwiftPackageReference "cmark-gfm" */;
			productName = cmark;
		};
		F642568B19B420E64E62307D /* ACP */ = {
			isa = XCSwiftPackageProductDependency;
			package = EFEB40047FCA0FF6CF09B7EC /* XCRemoteSwiftPackageReference "swift-acp" */;
			productName = ACP;
		};
/* End XCSwiftPackageProductDependency section */
	};
	rootObject = 0BF6016099FDE9BFD3432654 /* Project object */;
}
